
Microsoft Visual Studio Solution File, Format Version 12.00
# Visual Studio Version 16
VisualStudioVersion = 16.0.30717.126
MinimumVisualStudioVersion = 10.0.40219.1
Project("{FAE04EC0-301F-11D3-BF4B-00C04F79EFBC}") = "ConsoleApp1", "ConsoleApp1\ConsoleApp1.csproj", "{D933F4FE-46AF-4E4D-B1C3-15CCCBEFB499}"
EndProject
Global
	GlobalSection(SolutionConfigurationPlatforms) = preSolution
		Debug|Any CPU = Debug|Any CPU
		Release|Any CPU = Release|Any CPU
	EndGlobalSection
	GlobalSection(ProjectConfigurationPlatforms) = postSolution
		{D933F4FE-46AF-4E4D-B1C3-15CCCBEFB499}.Debug|Any CPU.ActiveCfg = Debug|Any CPU
		{D933F4FE-46AF-4E4D-B1C3-15CCCBEFB499}.Debug|Any CPU.Build.0 = Debug|Any CPU
		{D933F4FE-46AF-4E4D-B1C3-15CCCBEFB499}.Release|Any CPU.ActiveCfg = Release|Any CPU
		{D933F4FE-46AF-4E4D-B1C3-15CCCBEFB499}.Release|Any CPU.Build.0 = Release|Any CPU
	EndGlobalSection
	GlobalSection(SolutionProperties) = preSolution
		HideSolutionNode = FALSE
	EndGlobalSection
	GlobalSection(ExtensibilityGlobals) = postSolution
		SolutionGuid = {964419B2-C6F2-4ABD-88F6-8205B5F0B103}
	EndGlobalSection
EndGlobal
